
Microsoft Visual Studio Solution File, Format Version 12.00
# Visual Studio Version 17
VisualStudioVersion = 17.14.36429.23
MinimumVisualStudioVersion = 10.0.40219.1
Project("{2150E333-8FDC-42A3-9474-1A3956D46DE8}") = "Task0", "Task0", "{02EA681E-C7D8-13C7-8484-4AC65E1B71E8}"
EndProject
Project("{FAE04EC0-301F-11D3-BF4B-00C04F79EFBC}") = "Tyuiu.DunaizevAO.Sprint4.Task0.V8", "Tyuiu.DunaizevAO.Sprint4.Task0.V8\Tyuiu.DunaizevAO.Sprint4.Task0.V8.csproj", "{A00EF035-92F8-4705-8443-E8DADE62083E}"
EndProject
Project("{FAE04EC0-301F-11D3-BF4B-00C04F79EFBC}") = "Tyuiu.DunaizevAO.Sprint4.Task0.V8.Lib", "Tyuiu.DunaizevAO.Sprint4.Task0.V8.Lib\Tyuiu.DunaizevAO.Sprint4.Task0.V8.Lib.csproj", "{0A90F6DA-5C03-4CE1-ADB4-12997F114CCA}"
EndProject
Project("{FAE04EC0-301F-11D3-BF4B-00C04F79EFBC}") = "Tyuiu.DunaizevAO.Sprint4.Task0.V8.Test", "Tyuiu.DunaizevAO.Sprint4.Task0.V8.Test\Tyuiu.DunaizevAO.Sprint4.Task0.V8.Test.csproj", "{03E36696-F1AE-4940-BAB3-ED230E2888E3}"
EndProject
Project("{2150E333-8FDC-42A3-9474-1A3956D46DE8}") = "Task1", "Task1", "{16080744-EC05-42F7-BA23-6C0506D45A1A}"
EndProject
Project("{FAE04EC0-301F-11D3-BF4B-00C04F79EFBC}") = "Tyuiu.DunaizevAO.Sprint4.Task1.V14", "Tyuiu.DunaizevAO.Sprint4.Task1.V14\Tyuiu.DunaizevAO.Sprint4.Task1.V14.csproj", "{5D2CE1C1-647E-4EB1-8BD1-13C292A6E3B1}"
EndProject
Project("{FAE04EC0-301F-11D3-BF4B-00C04F79EFBC}") = "Tyuiu.DunaizevAO.Sprint4.Task1.V14.Lib", "Tyuiu.DunaizevAO.Sprint4.Task1.V14.Lib\Tyuiu.DunaizevAO.Sprint4.Task1.V14.Lib.csproj", "{B803453D-9E8E-49AC-8A67-8474D12256D7}"
EndProject
Project("{FAE04EC0-301F-11D3-BF4B-00C04F79EFBC}") = "Tyuiu.DunaizevAO.Sprint4.Task1.V14.Test", "Tyuiu.DunaizevAO.Sprint4.Task1.V14.Test\Tyuiu.DunaizevAO.Sprint4.Task1.V14.Test.csproj", "{A3CD6272-7F4B-44F1-9CDB-E76F0C90B3FF}"
EndProject
Project("{2150E333-8FDC-42A3-9474-1A3956D46DE8}") = "Task2", "Task2", "{E84E4C4B-90BE-42DC-8BE0-00B112C59F89}"
EndProject
Project("{FAE04EC0-301F-11D3-BF4B-00C04F79EFBC}") = "Tyuiu.DunaizevAO.Sprint4.Task2.V11", "Tyuiu.DunaizevAO.Sprint4.Task2.V11\Tyuiu.DunaizevAO.Sprint4.Task2.V11.csproj", "{03F82F0C-E8BC-439F-9A68-297BCFC4F272}"
EndProject
Project("{FAE04EC0-301F-11D3-BF4B-00C04F79EFBC}") = "Tyuiu.DunaizevAO.Sprint4.Task2.V11.Lib", "Tyuiu.DunaizevAO.Sprint4.Task2.V11.Lib\Tyuiu.DunaizevAO.Sprint4.Task2.V11.Lib.csproj", "{F6A260A7-50DE-4A45-9BA1-ABE556087A32}"
EndProject
Project("{FAE04EC0-301F-11D3-BF4B-00C04F79EFBC}") = "Tyuiu.DunaizevAO.Sprint4.Task2.V11.Test", "Tyuiu.DunaizevAO.Sprint4.Task2.V11.Test\Tyuiu.DunaizevAO.Sprint4.Task2.V11.Test.csproj", "{A4D3E641-DE77-414B-88D6-CD93FA368885}"
EndProject
Project("{2150E333-8FDC-42A3-9474-1A3956D46DE8}") = "Task3", "Task3", "{0C2D18FA-D690-44A8-BF4C-0DF0521280FD}"
EndProject
Project("{FAE04EC0-301F-11D3-BF4B-00C04F79EFBC}") = "Tyuiu.DunaizevAO.Sprint4.Task3.V23", "Tyuiu.DunaizevAO.Sprint4.Task3.V23\Tyuiu.DunaizevAO.Sprint4.Task3.V23.csproj", "{C36AD5D3-33DE-4AD3-9AC6-BCDA1C96706B}"
EndProject
Project("{FAE04EC0-301F-11D3-BF4B-00C04F79EFBC}") = "Tyuiu.DunaizevAO.Sprint4.Task3.V23.Lib", "Tyuiu.DunaizevAO.Sprint4.Task3.V23.Lib\Tyuiu.DunaizevAO.Sprint4.Task3.V23.Lib.csproj", "{3302256A-5FBD-4553-A1BF-BA2038F83A58}"
EndProject
Project("{FAE04EC0-301F-11D3-BF4B-00C04F79EFBC}") = "Tyuiu.DunaizevAO.Sprint4.Task3.V23.Test", "Tyuiu.DunaizevAO.Sprint4.Task3.V23.Test\Tyuiu.DunaizevAO.Sprint4.Task3.V23.Test.csproj", "{1B41CB3C-4DEB-4582-9DB4-589B7BA3CD57}"
EndProject
Project("{2150E333-8FDC-42A3-9474-1A3956D46DE8}") = "Task4", "Task4", "{DFEBC597-15C7-4BA6-BCF9-7FC09692E2AB}"
EndProject
Project("{FAE04EC0-301F-11D3-BF4B-00C04F79EFBC}") = "Tyuiu.DunaizevAO.Sprint4.Task4.V12", "Tyuiu.DunaizevAO.Sprint4.Task4.V12\Tyuiu.DunaizevAO.Sprint4.Task4.V12.csproj", "{5DCA9BBE-230F-4ADD-924C-50BA4A09F4D8}"
EndProject
Project("{FAE04EC0-301F-11D3-BF4B-00C04F79EFBC}") = "Tyuiu.DunaizevAO.Sprint4.Task4.V12.Lib", "Tyuiu.DunaizevAO.Sprint4.Task4.V12.Lib\Tyuiu.DunaizevAO.Sprint4.Task4.V12.Lib.csproj", "{B2178A06-495F-4E04-A87E-994432F4D15F}"
EndProject
Project("{FAE04EC0-301F-11D3-BF4B-00C04F79EFBC}") = "Tyuiu.DunaizevAO.Sprint4.Task4.V12.Test", "Tyuiu.DunaizevAO.Sprint4.Task4.V12.Test\Tyuiu.DunaizevAO.Sprint4.Task4.V12.Test.csproj", "{51807E8E-F033-4454-8736-051D0118B381}"
EndProject
Project("{2150E333-8FDC-42A3-9474-1A3956D46DE8}") = "Task5", "Task5", "{2104FA44-CC34-40E9-85A1-F5585562E9EE}"
EndProject
Project("{FAE04EC0-301F-11D3-BF4B-00C04F79EFBC}") = "Tyuiu.DunaizevAO.Sprint4.Task5.V15", "Tyuiu.DunaizevAO.Sprint4.Task5.V15\Tyuiu.DunaizevAO.Sprint4.Task5.V15.csproj", "{D234A48C-21A6-47E0-8AAD-DD2D77E4AEFE}"
EndProject
Project("{FAE04EC0-301F-11D3-BF4B-00C04F79EFBC}") = "Tyuiu.DunaizevAO.Sprint4.Task5.V15.Lib", "Tyuiu.DunaizevAO.Sprint4.Task5.V15.Lib\Tyuiu.DunaizevAO.Sprint4.Task5.V15.Lib.csproj", "{4704B24B-EA7B-4997-B680-7D21A1AE9D58}"
EndProject
Project("{FAE04EC0-301F-11D3-BF4B-00C04F79EFBC}") = "Tyuiu.DunaizevAO.Sprint4.Task5.V15.Test", "Tyuiu.DunaizevAO.Sprint4.Task5.V15.Test\Tyuiu.DunaizevAO.Sprint4.Task5.V15.Test.csproj", "{8A02F281-5D70-4116-A383-B1AC073D8245}"
EndProject
Global
	GlobalSection(SolutionConfigurationPlatforms) = preSolution
		Debug|Any CPU = Debug|Any CPU
		Release|Any CPU = Release|Any CPU
	EndGlobalSection
	GlobalSection(ProjectConfigurationPlatforms) = postSolution
		{A00EF035-92F8-4705-8443-E8DADE62083E}.Debug|Any CPU.ActiveCfg = Debug|Any CPU
		{A00EF035-92F8-4705-8443-E8DADE62083E}.Debug|Any CPU.Build.0 = Debug|Any CPU
		{A00EF035-92F8-4705-8443-E8DADE62083E}.Release|Any CPU.ActiveCfg = Release|Any CPU
		{A00EF035-92F8-4705-8443-E8DADE62083E}.Release|Any CPU.Build.0 = Release|Any CPU
		{0A90F6DA-5C03-4CE1-ADB4-12997F114CCA}.Debug|Any CPU.ActiveCfg = Debug|Any CPU
		{0A90F6DA-5C03-4CE1-ADB4-12997F114CCA}.Debug|Any CPU.Build.0 = Debug|Any CPU
		{0A90F6DA-5C03-4CE1-ADB4-12997F114CCA}.Release|Any CPU.ActiveCfg = Release|Any CPU
		{0A90F6DA-5C03-4CE1-ADB4-12997F114CCA}.Release|Any CPU.Build.0 = Release|Any CPU
		{03E36696-F1AE-4940-BAB3-ED230E2888E3}.Debug|Any CPU.ActiveCfg = Debug|Any CPU
		{03E36696-F1AE-4940-BAB3-ED230E2888E3}.Debug|Any CPU.Build.0 = Debug|Any CPU
		{03E36696-F1AE-4940-BAB3-ED230E2888E3}.Release|Any CPU.ActiveCfg = Release|Any CPU
		{03E36696-F1AE-4940-BAB3-ED230E2888E3}.Release|Any CPU.Build.0 = Release|Any CPU
		{5D2CE1C1-647E-4EB1-8BD1-13C292A6E3B1}.Debug|Any CPU.ActiveCfg = Debug|Any CPU
		{5D2CE1C1-647E-4EB1-8BD1-13C292A6E3B1}.Debug|Any CPU.Build.0 = Debug|Any CPU
		{5D2CE1C1-647E-4EB1-8BD1-13C292A6E3B1}.Release|Any CPU.ActiveCfg = Release|Any CPU
		{5D2CE1C1-647E-4EB1-8BD1-13C292A6E3B1}.Release|Any CPU.Build.0 = Release|Any CPU
		{B803453D-9E8E-49AC-8A67-8474D12256D7}.Debug|Any CPU.ActiveCfg = Debug|Any CPU
		{B803453D-9E8E-49AC-8A67-8474D12256D7}.Debug|Any CPU.Build.0 = Debug|Any CPU
		{B803453D-9E8E-49AC-8A67-8474D12256D7}.Release|Any CPU.ActiveCfg = Release|Any CPU
		{B803453D-9E8E-49AC-8A67-8474D12256D7}.Release|Any CPU.Build.0 = Release|Any CPU
		{A3CD6272-7F4B-44F1-9CDB-E76F0C90B3FF}.Debug|Any CPU.ActiveCfg = Debug|Any CPU
		{A3CD6272-7F4B-44F1-9CDB-E76F0C90B3FF}.Debug|Any CPU.Build.0 = Debug|Any CPU
		{A3CD6272-7F4B-44F1-9CDB-E76F0C90B3FF}.Release|Any CPU.ActiveCfg = Release|Any CPU
		{A3CD6272-7F4B-44F1-9CDB-E76F0C90B3FF}.Release|Any CPU.Build.0 = Release|Any CPU
		{03F82F0C-E8BC-439F-9A68-297BCFC4F272}.Debug|Any CPU.ActiveCfg = Debug|Any CPU
		{03F82F0C-E8BC-439F-9A68-297BCFC4F272}.Debug|Any CPU.Build.0 = Debug|Any CPU
		{03F82F0C-E8BC-439F-9A68-297BCFC4F272}.Release|Any CPU.ActiveCfg = Release|Any CPU
		{03F82F0C-E8BC-439F-9A68-297BCFC4F272}.Release|Any CPU.Build.0 = Release|Any CPU
		{F6A260A7-50DE-4A45-9BA1-ABE556087A32}.Debug|Any CPU.ActiveCfg = Debug|Any CPU
		{F6A260A7-50DE-4A45-9BA1-ABE556087A32}.Debug|Any CPU.Build.0 = Debug|Any CPU
		{F6A260A7-50DE-4A45-9BA1-ABE556087A32}.Release|Any CPU.ActiveCfg = Release|Any CPU
		{F6A260A7-50DE-4A45-9BA1-ABE556087A32}.Release|Any CPU.Build.0 = Release|Any CPU
		{A4D3E641-DE77-414B-88D6-CD93FA368885}.Debug|Any CPU.ActiveCfg = Debug|Any CPU
		{A4D3E641-DE77-414B-88D6-CD93FA368885}.Debug|Any CPU.Build.0 = Debug|Any CPU
		{A4D3E641-DE77-414B-88D6-CD93FA368885}.Release|Any CPU.ActiveCfg = Release|Any CPU
		{A4D3E641-DE77-414B-88D6-CD93FA368885}.Release|Any CPU.Build.0 = Release|Any CPU
		{C36AD5D3-33DE-4AD3-9AC6-BCDA1C96706B}.Debug|Any CPU.ActiveCfg = Debug|Any CPU
		{C36AD5D3-33DE-4AD3-9AC6-BCDA1C96706B}.Debug|Any CPU.Build.0 = Debug|Any CPU
		{C36AD5D3-33DE-4AD3-9AC6-BCDA1C96706B}.Release|Any CPU.ActiveCfg = Release|Any CPU
		{C36AD5D3-33DE-4AD3-9AC6-BCDA1C96706B}.Release|Any CPU.Build.0 = Release|Any CPU
		{3302256A-5FBD-4553-A1BF-BA2038F83A58}.Debug|Any CPU.ActiveCfg = Debug|Any CPU
		{3302256A-5FBD-4553-A1BF-BA2038F83A58}.Debug|Any CPU.Build.0 = Debug|Any CPU
		{3302256A-5FBD-4553-A1BF-BA2038F83A58}.Release|Any CPU.ActiveCfg = Release|Any CPU
		{3302256A-5FBD-4553-A1BF-BA2038F83A58}.Release|Any CPU.Build.0 = Release|Any CPU
		{1B41CB3C-4DEB-4582-9DB4-589B7BA3CD57}.Debug|Any CPU.ActiveCfg = Debug|Any CPU
		{1B41CB3C-4DEB-4582-9DB4-589B7BA3CD57}.Debug|Any CPU.Build.0 = Debug|Any CPU
		{1B41CB3C-4DEB-4582-9DB4-589B7BA3CD57}.Release|Any CPU.ActiveCfg = Release|Any CPU
		{1B41CB3C-4DEB-4582-9DB4-589B7BA3CD57}.Release|Any CPU.Build.0 = Release|Any CPU
		{5DCA9BBE-230F-4ADD-924C-50BA4A09F4D8}.Debug|Any CPU.ActiveCfg = Debug|Any CPU
		{5DCA9BBE-230F-4ADD-924C-50BA4A09F4D8}.Debug|Any CPU.Build.0 = Debug|Any CPU
		{5DCA9BBE-230F-4ADD-924C-50BA4A09F4D8}.Release|Any CPU.ActiveCfg = Release|Any CPU
		{5DCA9BBE-230F-4ADD-924C-50BA4A09F4D8}.Release|Any CPU.Build.0 = Release|Any CPU
		{B2178A06-495F-4E04-A87E-994432F4D15F}.Debug|Any CPU.ActiveCfg = Debug|Any CPU
		{B2178A06-495F-4E04-A87E-994432F4D15F}.Debug|Any CPU.Build.0 = Debug|Any CPU
		{B2178A06-495F-4E04-A87E-994432F4D15F}.Release|Any CPU.ActiveCfg = Release|Any CPU
		{B2178A06-495F-4E04-A87E-994432F4D15F}.Release|Any CPU.Build.0 = Release|Any CPU
		{51807E8E-F033-4454-8736-051D0118B381}.Debug|Any CPU.ActiveCfg = Debug|Any CPU
		{51807E8E-F033-4454-8736-051D0118B381}.Debug|Any CPU.Build.0 = Debug|Any CPU
		{51807E8E-F033-4454-8736-051D0118B381}.Release|Any CPU.ActiveCfg = Release|Any CPU
		{51807E8E-F033-4454-8736-051D0118B381}.Release|Any CPU.Build.0 = Release|Any CPU
		{D234A48C-21A6-47E0-8AAD-DD2D77E4AEFE}.Debug|Any CPU.ActiveCfg = Debug|Any CPU
		{D234A48C-21A6-47E0-8AAD-DD2D77E4AEFE}.Debug|Any CPU.Build.0 = Debug|Any CPU
		{D234A48C-21A6-47E0-8AAD-DD2D77E4AEFE}.Release|Any CPU.ActiveCfg = Release|Any CPU
		{D234A48C-21A6-47E0-8AAD-DD2D77E4AEFE}.Release|Any CPU.Build.0 = Release|Any CPU
		{4704B24B-EA7B-4997-B680-7D21A1AE9D58}.Debug|Any CPU.ActiveCfg = Debug|Any CPU
		{4704B24B-EA7B-4997-B680-7D21A1AE9D58}.Debug|Any CPU.Build.0 = Debug|Any CPU
		{4704B24B-EA7B-4997-B680-7D21A1AE9D58}.Release|Any CPU.ActiveCfg = Release|Any CPU
		{4704B24B-EA7B-4997-B680-7D21A1AE9D58}.Release|Any CPU.Build.0 = Release|Any CPU
		{8A02F281-5D70-4116-A383-B1AC073D8245}.Debug|Any CPU.ActiveCfg = Debug|Any CPU
		{8A02F281-5D70-4116-A383-B1AC073D8245}.Debug|Any CPU.Build.0 = Debug|Any CPU
		{8A02F281-5D70-4116-A383-B1AC073D8245}.Release|Any CPU.ActiveCfg = Release|Any CPU
		{8A02F281-5D70-4116-A383-B1AC073D8245}.Release|Any CPU.Build.0 = Release|Any CPU
	EndGlobalSection
	GlobalSection(SolutionProperties) = preSolution
		HideSolutionNode = FALSE
	EndGlobalSection
	GlobalSection(NestedProjects) = preSolution
		{A00EF035-92F8-4705-8443-E8DADE62083E} = {02EA681E-C7D8-13C7-8484-4AC65E1B71E8}
		{0A90F6DA-5C03-4CE1-ADB4-12997F114CCA} = {02EA681E-C7D8-13C7-8484-4AC65E1B71E8}
		{03E36696-F1AE-4940-BAB3-ED230E2888E3} = {02EA681E-C7D8-13C7-8484-4AC65E1B71E8}
		{5D2CE1C1-647E-4EB1-8BD1-13C292A6E3B1} = {16080744-EC05-42F7-BA23-6C0506D45A1A}
		{B803453D-9E8E-49AC-8A67-8474D12256D7} = {16080744-EC05-42F7-BA23-6C0506D45A1A}
		{A3CD6272-7F4B-44F1-9CDB-E76F0C90B3FF} = {16080744-EC05-42F7-BA23-6C0506D45A1A}
		{03F82F0C-E8BC-439F-9A68-297BCFC4F272} = {E84E4C4B-90BE-42DC-8BE0-00B112C59F89}
		{F6A260A7-50DE-4A45-9BA1-ABE556087A32} = {E84E4C4B-90BE-42DC-8BE0-00B112C59F89}
		{A4D3E641-DE77-414B-88D6-CD93FA368885} = {E84E4C4B-90BE-42DC-8BE0-00B112C59F89}
		{C36AD5D3-33DE-4AD3-9AC6-BCDA1C96706B} = {0C2D18FA-D690-44A8-BF4C-0DF0521280FD}
		{3302256A-5FBD-4553-A1BF-BA2038F83A58} = {0C2D18FA-D690-44A8-BF4C-0DF0521280FD}
		{1B41CB3C-4DEB-4582-9DB4-589B7BA3CD57} = {0C2D18FA-D690-44A8-BF4C-0DF0521280FD}
		{5DCA9BBE-230F-4ADD-924C-50BA4A09F4D8} = {DFEBC597-15C7-4BA6-BCF9-7FC09692E2AB}
		{B2178A06-495F-4E04-A87E-994432F4D15F} = {DFEBC597-15C7-4BA6-BCF9-7FC09692E2AB}
		{51807E8E-F033-4454-8736-051D0118B381} = {DFEBC597-15C7-4BA6-BCF9-7FC09692E2AB}
		{D234A48C-21A6-47E0-8AAD-DD2D77E4AEFE} = {2104FA44-CC34-40E9-85A1-F5585562E9EE}
		{4704B24B-EA7B-4997-B680-7D21A1AE9D58} = {2104FA44-CC34-40E9-85A1-F5585562E9EE}
		{8A02F281-5D70-4116-A383-B1AC073D8245} = {2104FA44-CC34-40E9-85A1-F5585562E9EE}
	EndGlobalSection
	GlobalSection(ExtensibilityGlobals) = postSolution
		SolutionGuid = {5E1140A7-D99E-4D12-A89E-8912DDF35410}
	EndGlobalSection
EndGlobal
